version: 6
environments:
  default:
    channels:
    - url: https://conda.anaconda.org/conda-forge/
    indexes:
    - https://pypi.org/simple
    packages:
      linux-64:
      - conda: https://conda.anaconda.org/conda-forge/linux-64/_libgcc_mutex-0.1-conda_forge.tar.bz2
      - conda: https://conda.anaconda.org/conda-forge/linux-64/_openmp_mutex-4.5-2_gnu.tar.bz2
      - conda: https://conda.anaconda.org/conda-forge/noarch/aiohappyeyeballs-2.6.1-pyhd8ed1ab_0.conda
      - conda: https://conda.anaconda.org/conda-forge/linux-64/aiohttp-3.11.13-py312h178313f_0.conda
      - conda: https://conda.anaconda.org/conda-forge/noarch/aiolimiter-1.1.0-pyhd8ed1ab_0.conda
      - conda: https://conda.anaconda.org/conda-forge/noarch/aiosignal-1.3.2-pyhd8ed1ab_0.conda
      - conda: https://conda.anaconda.org/conda-forge/noarch/aisuite-0.1.7-pyhd8ed1ab_0.conda
      - conda: https://conda.anaconda.org/conda-forge/noarch/annotated-types-0.7.0-pyhd8ed1ab_1.conda
      - conda: https://conda.anaconda.org/conda-forge/noarch/anyio-4.9.0-pyh29332c3_0.conda
      - conda: https://conda.anaconda.org/conda-forge/noarch/attrs-25.3.0-pyh71513ae_0.conda
      - conda: https://conda.anaconda.org/conda-forge/linux-64/bzip2-1.0.8-h4bc722e_7.conda
      - conda: https://conda.anaconda.org/conda-forge/linux-64/ca-certificates-2025.1.31-hbcca054_0.conda
      - conda: https://conda.anaconda.org/conda-forge/noarch/certifi-2025.1.31-pyhd8ed1ab_0.conda
      - conda: https://conda.anaconda.org/conda-forge/noarch/colorama-0.4.6-pyhd8ed1ab_1.conda
      - conda: https://conda.anaconda.org/conda-forge/noarch/distro-1.9.0-pyhd8ed1ab_1.conda
      - conda: https://conda.anaconda.org/conda-forge/noarch/exceptiongroup-1.2.2-pyhd8ed1ab_1.conda
      - conda: https://conda.anaconda.org/conda-forge/linux-64/frozenlist-1.5.0-py312h178313f_1.conda
      - conda: https://conda.anaconda.org/conda-forge/noarch/h11-0.14.0-pyhd8ed1ab_1.conda
      - conda: https://conda.anaconda.org/conda-forge/noarch/h2-4.2.0-pyhd8ed1ab_0.conda
      - conda: https://conda.anaconda.org/conda-forge/noarch/hpack-4.1.0-pyhd8ed1ab_0.conda
      - conda: https://conda.anaconda.org/conda-forge/noarch/httpcore-1.0.7-pyh29332c3_1.conda
      - conda: https://conda.anaconda.org/conda-forge/noarch/httpx-0.27.2-pyhd8ed1ab_0.conda
      - conda: https://conda.anaconda.org/conda-forge/noarch/hyperframe-6.1.0-pyhd8ed1ab_0.conda
      - conda: https://conda.anaconda.org/conda-forge/noarch/idna-3.10-pyhd8ed1ab_1.conda
      - conda: https://conda.anaconda.org/conda-forge/linux-64/jiter-0.9.0-py312h12e396e_0.conda
      - conda: https://conda.anaconda.org/conda-forge/linux-64/ld_impl_linux-64-2.43-h712a8e2_4.conda
      - conda: https://conda.anaconda.org/conda-forge/linux-64/libexpat-2.6.4-h5888daf_0.conda
      - conda: https://conda.anaconda.org/conda-forge/linux-64/libffi-3.4.6-h2dba641_0.conda
      - conda: https://conda.anaconda.org/conda-forge/linux-64/libgcc-14.2.0-h767d61c_2.conda
      - conda: https://conda.anaconda.org/conda-forge/linux-64/libgcc-ng-14.2.0-h69a702a_2.conda
      - conda: https://conda.anaconda.org/conda-forge/linux-64/libgomp-14.2.0-h767d61c_2.conda
      - conda: https://conda.anaconda.org/conda-forge/linux-64/liblzma-5.6.4-hb9d3cd8_0.conda
      - conda: https://conda.anaconda.org/conda-forge/linux-64/libnsl-2.0.1-hd590300_0.conda
      - conda: https://conda.anaconda.org/conda-forge/linux-64/libsqlite-3.49.1-hee588c1_2.conda
      - conda: https://conda.anaconda.org/conda-forge/linux-64/libuuid-2.38.1-h0b41bf4_0.conda
      - conda: https://conda.anaconda.org/conda-forge/linux-64/libxcrypt-4.4.36-hd590300_1.conda
      - conda: https://conda.anaconda.org/conda-forge/linux-64/libzlib-1.3.1-hb9d3cd8_2.conda
      - conda: https://conda.anaconda.org/conda-forge/linux-64/multidict-6.1.0-py312h178313f_2.conda
      - conda: https://conda.anaconda.org/conda-forge/linux-64/ncurses-6.5-h2d0b736_3.conda
      - conda: https://conda.anaconda.org/conda-forge/noarch/openai-1.66.3-pyhd8ed1ab_0.conda
      - conda: https://conda.anaconda.org/conda-forge/linux-64/openssl-3.4.1-h7b32b05_0.conda
      - conda: https://conda.anaconda.org/conda-forge/linux-64/propcache-0.2.1-py312h178313f_1.conda
      - conda: https://conda.anaconda.org/conda-forge/noarch/pydantic-2.10.6-pyh3cfb1c2_0.conda
      - conda: https://conda.anaconda.org/conda-forge/linux-64/pydantic-core-2.27.2-py312h12e396e_0.conda
      - conda: https://conda.anaconda.org/conda-forge/linux-64/python-3.12.9-h9e4cc4f_1_cpython.conda
      - conda: https://conda.anaconda.org/conda-forge/linux-64/python_abi-3.12-5_cp312.conda
      - conda: https://conda.anaconda.org/conda-forge/linux-64/readline-8.2-h8c095d6_2.conda
      - conda: https://conda.anaconda.org/conda-forge/noarch/sniffio-1.3.1-pyhd8ed1ab_1.conda
      - conda: https://conda.anaconda.org/conda-forge/linux-64/tk-8.6.13-noxft_h4845f30_101.conda
      - conda: https://conda.anaconda.org/conda-forge/noarch/tqdm-4.67.1-pyhd8ed1ab_1.conda
      - conda: https://conda.anaconda.org/conda-forge/noarch/typing-extensions-4.12.2-hd8ed1ab_1.conda
      - conda: https://conda.anaconda.org/conda-forge/noarch/typing_extensions-4.12.2-pyha770c72_1.conda
      - conda: https://conda.anaconda.org/conda-forge/noarch/tzdata-2025a-h78e105d_0.conda
      - conda: https://conda.anaconda.org/conda-forge/linux-64/yarl-1.18.3-py312h178313f_1.conda
      - pypi: .
packages:
- conda: https://conda.anaconda.org/conda-forge/linux-64/_libgcc_mutex-0.1-conda_forge.tar.bz2
  sha256: fe51de6107f9edc7aa4f786a70f4a883943bc9d39b3bb7307c04c41410990726
  md5: d7c89558ba9fa0495403155b64376d81
  license: None
  purls: []
  size: 2562
  timestamp: 1578324546067
- conda: https://conda.anaconda.org/conda-forge/linux-64/_openmp_mutex-4.5-2_gnu.tar.bz2
  build_number: 16
  sha256: fbe2c5e56a653bebb982eda4876a9178aedfc2b545f25d0ce9c4c0b508253d22
  md5: 73aaf86a425cc6e73fcf236a5a46396d
  depends:
  - _libgcc_mutex 0.1 conda_forge
  - libgomp >=7.5.0
  constrains:
  - openmp_impl 9999
  license: BSD-3-Clause
  license_family: BSD
  purls: []
  size: 23621
  timestamp: 1650670423406
- conda: https://conda.anaconda.org/conda-forge/noarch/aiohappyeyeballs-2.6.1-pyhd8ed1ab_0.conda
  sha256: 7842ddc678e77868ba7b92a726b437575b23aaec293bca0d40826f1026d90e27
  md5: 18fd895e0e775622906cdabfc3cf0fb4
  depends:
  - python >=3.9
  license: PSF-2.0
  license_family: PSF
  purls:
  - pkg:pypi/aiohappyeyeballs?source=hash-mapping
  size: 19750
  timestamp: 1741775303303
- conda: https://conda.anaconda.org/conda-forge/linux-64/aiohttp-3.11.13-py312h178313f_0.conda
  sha256: 985834edea972ddf6c35ab4185fb228440efb845a70a88182895f8f90df4a4c9
  md5: 0ea623ee1f29a7e1d703bc3b0ef82306
  depends:
  - __glibc >=2.17,<3.0.a0
  - aiohappyeyeballs >=2.3.0
  - aiosignal >=1.1.2
  - attrs >=17.3.0
  - frozenlist >=1.1.1
  - libgcc >=13
  - multidict >=4.5,<7.0
  - propcache >=0.2.0
  - python >=3.12,<3.13.0a0
  - python_abi 3.12.* *_cp312
  - yarl >=1.17.0,<2.0
  license: MIT AND Apache-2.0
  license_family: Apache
  purls:
  - pkg:pypi/aiohttp?source=hash-mapping
  size: 915558
  timestamp: 1740482064204
- conda: https://conda.anaconda.org/conda-forge/noarch/aiolimiter-1.1.0-pyhd8ed1ab_0.conda
  sha256: 2eb803265efb402fc8173d7a73f03ff54139a85f77931d121d016b37960e832a
  md5: 216dbe2316c3f84d9a10229bccbb9fb1
  depends:
  - python >=3.8.0
  license: MIT
  license_family: MIT
  purls:
  - pkg:pypi/aiolimiter?source=hash-mapping
  size: 12701
  timestamp: 1715277520447
- conda: https://conda.anaconda.org/conda-forge/noarch/aiosignal-1.3.2-pyhd8ed1ab_0.conda
  sha256: 7de8ced1918bbdadecf8e1c1c68237fe5709c097bd9e0d254f4cad118f4345d0
  md5: 1a3981115a398535dbe3f6d5faae3d36
  depends:
  - frozenlist >=1.1.0
  - python >=3.9
  license: Apache-2.0
  license_family: APACHE
  purls:
  - pkg:pypi/aiosignal?source=hash-mapping
  size: 13229
  timestamp: 1734342253061
- conda: https://conda.anaconda.org/conda-forge/noarch/aisuite-0.1.7-pyhd8ed1ab_0.conda
  sha256: ce45e60c6c0e7ba9612368d23a368d717882ae229e7bde57f1b2106ce094df87
  md5: c5f1a5e6eb8179b51323e87e3e837064
  depends:
  - httpx >=0.27.0,<0.28.0
  - python >=3.10
  constrains:
  - vertexai >=1.63.0,<2.0.0
  - anthropic >=0.30.1,<0.31.0
  - boto3 >=1.34.144,<2.0.0
  - mistralai >=1.0.3,<2.0.0
  - cohere >=5.12.0,<6.0.0
  - openai >=1.35.8,<2.0.0
  - ibm-watsonx-ai >=1.1.16,<2.0.0
  - groq >=0.9.0,<0.10.0
  license: MIT
  license_family: MIT
  purls:
  - pkg:pypi/aisuite?source=hash-mapping
  size: 20514
  timestamp: 1735295654697
- conda: https://conda.anaconda.org/conda-forge/noarch/annotated-types-0.7.0-pyhd8ed1ab_1.conda
  sha256: e0ea1ba78fbb64f17062601edda82097fcf815012cf52bb704150a2668110d48
  md5: 2934f256a8acfe48f6ebb4fce6cde29c
  depends:
  - python >=3.9
  - typing-extensions >=4.0.0
  license: MIT
  license_family: MIT
  purls:
  - pkg:pypi/annotated-types?source=hash-mapping
  size: 18074
  timestamp: 1733247158254
- conda: https://conda.anaconda.org/conda-forge/noarch/anyio-4.9.0-pyh29332c3_0.conda
  sha256: b28e0f78bb0c7962630001e63af25a89224ff504e135a02e50d4d80b6155d386
  md5: 9749a2c77a7c40d432ea0927662d7e52
  depends:
  - exceptiongroup >=1.0.2
  - idna >=2.8
  - python >=3.9
  - sniffio >=1.1
  - typing_extensions >=4.5
  - python
  constrains:
  - trio >=0.26.1
  - uvloop >=0.21
  license: MIT
  purls:
  - pkg:pypi/anyio?source=hash-mapping
  size: 126346
  timestamp: 1742243108743
- conda: https://conda.anaconda.org/conda-forge/noarch/attrs-25.3.0-pyh71513ae_0.conda
  sha256: 99c53ffbcb5dc58084faf18587b215f9ac8ced36bbfb55fa807c00967e419019
  md5: a10d11958cadc13fdb43df75f8b1903f
  depends:
  - python >=3.9
  license: MIT
  license_family: MIT
  purls:
  - pkg:pypi/attrs?source=compressed-mapping
  size: 57181
  timestamp: 1741918625732
- conda: https://conda.anaconda.org/conda-forge/linux-64/bzip2-1.0.8-h4bc722e_7.conda
  sha256: 5ced96500d945fb286c9c838e54fa759aa04a7129c59800f0846b4335cee770d
  md5: 62ee74e96c5ebb0af99386de58cf9553
  depends:
  - __glibc >=2.17,<3.0.a0
  - libgcc-ng >=12
  license: bzip2-1.0.6
  license_family: BSD
  purls: []
  size: 252783
  timestamp: 1720974456583
- conda: https://conda.anaconda.org/conda-forge/linux-64/ca-certificates-2025.1.31-hbcca054_0.conda
  sha256: bf832198976d559ab44d6cdb315642655547e26d826e34da67cbee6624cda189
  md5: 19f3a56f68d2fd06c516076bff482c52
  license: ISC
  purls: []
  size: 158144
  timestamp: 1738298224464
- conda: https://conda.anaconda.org/conda-forge/noarch/certifi-2025.1.31-pyhd8ed1ab_0.conda
  sha256: 42a78446da06a2568cb13e69be3355169fbd0ea424b00fc80b7d840f5baaacf3
  md5: c207fa5ac7ea99b149344385a9c0880d
  depends:
  - python >=3.9
  license: ISC
  purls:
  - pkg:pypi/certifi?source=compressed-mapping
  size: 162721
  timestamp: 1739515973129
- pypi: .
  name: chexprompt
  version: 0.1.0
  sha256: 14c82a4daabb83c90701b2aeed4bc5d7feab695c8672c9296a729ee4392f42fc
  requires_python: '>=3.11,<3.13'
  editable: true
- conda: https://conda.anaconda.org/conda-forge/noarch/colorama-0.4.6-pyhd8ed1ab_1.conda
  sha256: ab29d57dc70786c1269633ba3dff20288b81664d3ff8d21af995742e2bb03287
  md5: 962b9857ee8e7018c22f2776ffa0b2d7
  depends:
  - python >=3.9
  license: BSD-3-Clause
  license_family: BSD
  purls:
  - pkg:pypi/colorama?source=hash-mapping
  size: 27011
  timestamp: 1733218222191
- conda: https://conda.anaconda.org/conda-forge/noarch/distro-1.9.0-pyhd8ed1ab_1.conda
  sha256: 5603c7d0321963bb9b4030eadabc3fd7ca6103a38475b4e0ed13ed6d97c86f4e
  md5: 0a2014fd9860f8b1eaa0b1f3d3771a08
  depends:
  - python >=3.9
  license: Apache-2.0
  license_family: APACHE
  purls:
  - pkg:pypi/distro?source=hash-mapping
  size: 41773
  timestamp: 1734729953882
- conda: https://conda.anaconda.org/conda-forge/noarch/exceptiongroup-1.2.2-pyhd8ed1ab_1.conda
  sha256: cbde2c64ec317118fc06b223c5fd87c8a680255e7348dd60e7b292d2e103e701
  md5: a16662747cdeb9abbac74d0057cc976e
  depends:
  - python >=3.9
  license: MIT and PSF-2.0
  purls:
  - pkg:pypi/exceptiongroup?source=hash-mapping
  size: 20486
  timestamp: 1733208916977
- conda: https://conda.anaconda.org/conda-forge/linux-64/frozenlist-1.5.0-py312h178313f_1.conda
  sha256: 501e20626798b6d7f130f4db0fb02c0385d8f4c11ca525925602a4208afb343f
  md5: fb986e1c089021979dc79606af78ef8f
  depends:
  - __glibc >=2.17,<3.0.a0
  - libgcc >=13
  - python >=3.12,<3.13.0a0
  - python_abi 3.12.* *_cp312
  license: Apache-2.0
  license_family: APACHE
  purls:
  - pkg:pypi/frozenlist?source=hash-mapping
  size: 60939
  timestamp: 1737645356438
- conda: https://conda.anaconda.org/conda-forge/noarch/h11-0.14.0-pyhd8ed1ab_1.conda
  sha256: 622516185a7c740d5c7f27016d0c15b45782c1501e5611deec63fd70344ce7c8
  md5: 7ee49e89531c0dcbba9466f6d115d585
  depends:
  - python >=3.9
  - typing_extensions
  license: MIT
  license_family: MIT
  purls:
  - pkg:pypi/h11?source=hash-mapping
  size: 51846
  timestamp: 1733327599467
- conda: https://conda.anaconda.org/conda-forge/noarch/h2-4.2.0-pyhd8ed1ab_0.conda
  sha256: 0aa1cdc67a9fe75ea95b5644b734a756200d6ec9d0dff66530aec3d1c1e9df75
  md5: b4754fb1bdcb70c8fd54f918301582c6
  depends:
  - hpack >=4.1,<5
  - hyperframe >=6.1,<7
  - python >=3.9
  license: MIT
  license_family: MIT
  purls:
  - pkg:pypi/h2?source=hash-mapping
  size: 53888
  timestamp: 1738578623567
- conda: https://conda.anaconda.org/conda-forge/noarch/hpack-4.1.0-pyhd8ed1ab_0.conda
  sha256: 6ad78a180576c706aabeb5b4c8ceb97c0cb25f1e112d76495bff23e3779948ba
  md5: 0a802cb9888dd14eeefc611f05c40b6e
  depends:
  - python >=3.9
  license: MIT
  license_family: MIT
  purls:
  - pkg:pypi/hpack?source=hash-mapping
  size: 30731
  timestamp: 1737618390337
- conda: https://conda.anaconda.org/conda-forge/noarch/httpcore-1.0.7-pyh29332c3_1.conda
  sha256: c84d012a245171f3ed666a8bf9319580c269b7843ffa79f26468842da3abd5df
  md5: 2ca8e6dbc86525c8b95e3c0ffa26442e
  depends:
  - python >=3.8
  - h11 >=0.13,<0.15
  - h2 >=3,<5
  - sniffio 1.*
  - anyio >=3.0,<5.0
  - certifi
  license: BSD-3-Clause
  license_family: BSD
  purls:
  - pkg:pypi/httpcore?source=hash-mapping
  size: 48959
  timestamp: 1731707562362
- conda: https://conda.anaconda.org/conda-forge/noarch/httpx-0.27.2-pyhd8ed1ab_0.conda
  sha256: 1a33f160548bf447e15c0273899d27e4473f1d5b7ca1441232ec2d9d07c56d03
  md5: 7e9ac3faeebdbd7b53b462c41891e7f7
  depends:
  - anyio
  - certifi
  - httpcore 1.*
  - idna
  - python >=3.8
  - sniffio
  license: BSD-3-Clause
  license_family: BSD
  purls:
  - pkg:pypi/httpx?source=hash-mapping
  size: 65085
  timestamp: 1724778453275
- conda: https://conda.anaconda.org/conda-forge/noarch/hyperframe-6.1.0-pyhd8ed1ab_0.conda
  sha256: 77af6f5fe8b62ca07d09ac60127a30d9069fdc3c68d6b256754d0ffb1f7779f8
  md5: 8e6923fc12f1fe8f8c4e5c9f343256ac
  depends:
  - python >=3.9
  license: MIT
  license_family: MIT
  purls:
  - pkg:pypi/hyperframe?source=hash-mapping
  size: 17397
  timestamp: 1737618427549
- conda: https://conda.anaconda.org/conda-forge/noarch/idna-3.10-pyhd8ed1ab_1.conda
  sha256: d7a472c9fd479e2e8dcb83fb8d433fce971ea369d704ece380e876f9c3494e87
  md5: 39a4f67be3286c86d696df570b1201b7
  depends:
  - python >=3.9
  license: BSD-3-Clause
  license_family: BSD
  purls:
  - pkg:pypi/idna?source=hash-mapping
  size: 49765
  timestamp: 1733211921194
- conda: https://conda.anaconda.org/conda-forge/linux-64/jiter-0.9.0-py312h12e396e_0.conda
  sha256: d4e8369e2c18757380e6ff872a81231bb1c0962790a402d701e27ec1cde7477d
  md5: 29077679ff869621871403f1ccbdfc01
  depends:
  - __glibc >=2.17,<3.0.a0
  - libgcc >=13
  - python >=3.12,<3.13.0a0
  - python_abi 3.12.* *_cp312
  constrains:
  - __glibc >=2.17
  license: MIT
  license_family: MIT
  purls:
  - pkg:pypi/jiter?source=hash-mapping
  size: 307593
  timestamp: 1741655295517
- conda: https://conda.anaconda.org/conda-forge/linux-64/ld_impl_linux-64-2.43-h712a8e2_4.conda
  sha256: db73f38155d901a610b2320525b9dd3b31e4949215c870685fd92ea61b5ce472
  md5: 01f8d123c96816249efd255a31ad7712
  depends:
  - __glibc >=2.17,<3.0.a0
  constrains:
  - binutils_impl_linux-64 2.43
  license: GPL-3.0-only
  license_family: GPL
  purls: []
  size: 671240
  timestamp: 1740155456116
- conda: https://conda.anaconda.org/conda-forge/linux-64/libexpat-2.6.4-h5888daf_0.conda
  sha256: 56541b98447b58e52d824bd59d6382d609e11de1f8adf20b23143e353d2b8d26
  md5: db833e03127376d461e1e13e76f09b6c
  depends:
  - __glibc >=2.17,<3.0.a0
  - libgcc >=13
  constrains:
  - expat 2.6.4.*
  license: MIT
  license_family: MIT
  purls: []
  size: 73304
  timestamp: 1730967041968
- conda: https://conda.anaconda.org/conda-forge/linux-64/libffi-3.4.6-h2dba641_0.conda
  sha256: 67a6c95e33ebc763c1adc3455b9a9ecde901850eb2fceb8e646cc05ef3a663da
  md5: e3eb7806380bc8bcecba6d749ad5f026
  depends:
  - __glibc >=2.17,<3.0.a0
  - libgcc >=13
  license: MIT
  license_family: MIT
  purls: []
  size: 53415
  timestamp: 1739260413716
- conda: https://conda.anaconda.org/conda-forge/linux-64/libgcc-14.2.0-h767d61c_2.conda
  sha256: 3a572d031cb86deb541d15c1875aaa097baefc0c580b54dc61f5edab99215792
  md5: ef504d1acbd74b7cc6849ef8af47dd03
  depends:
  - __glibc >=2.17,<3.0.a0
  - _openmp_mutex >=4.5
  constrains:
  - libgomp 14.2.0 h767d61c_2
  - libgcc-ng ==14.2.0=*_2
  license: GPL-3.0-only WITH GCC-exception-3.1
  license_family: GPL
  purls: []
  size: 847885
  timestamp: 1740240653082
- conda: https://conda.anaconda.org/conda-forge/linux-64/libgcc-ng-14.2.0-h69a702a_2.conda
  sha256: fb7558c328b38b2f9d2e412c48da7890e7721ba018d733ebdfea57280df01904
  md5: a2222a6ada71fb478682efe483ce0f92
  depends:
  - libgcc 14.2.0 h767d61c_2
  license: GPL-3.0-only WITH GCC-exception-3.1
  license_family: GPL
  purls: []
  size: 53758
  timestamp: 1740240660904
- conda: https://conda.anaconda.org/conda-forge/linux-64/libgomp-14.2.0-h767d61c_2.conda
  sha256: 1a3130e0b9267e781b89399580f3163632d59fe5b0142900d63052ab1a53490e
  md5: 06d02030237f4d5b3d9a7e7d348fe3c6
  depends:
  - __glibc >=2.17,<3.0.a0
  license: GPL-3.0-only WITH GCC-exception-3.1
  license_family: GPL
  purls: []
  size: 459862
  timestamp: 1740240588123
- conda: https://conda.anaconda.org/conda-forge/linux-64/liblzma-5.6.4-hb9d3cd8_0.conda
  sha256: cad52e10319ca4585bc37f0bc7cce99ec7c15dc9168e42ccb96b741b0a27db3f
  md5: 42d5b6a0f30d3c10cd88cb8584fda1cb
  depends:
  - __glibc >=2.17,<3.0.a0
  - libgcc >=13
  license: 0BSD
  purls: []
  size: 111357
  timestamp: 1738525339684
- conda: https://conda.anaconda.org/conda-forge/linux-64/libnsl-2.0.1-hd590300_0.conda
  sha256: 26d77a3bb4dceeedc2a41bd688564fe71bf2d149fdcf117049970bc02ff1add6
  md5: 30fd6e37fe21f86f4bd26d6ee73eeec7
  depends:
  - libgcc-ng >=12
  license: LGPL-2.1-only
  license_family: GPL
  purls: []
  size: 33408
  timestamp: 1697359010159
- conda: https://conda.anaconda.org/conda-forge/linux-64/libsqlite-3.49.1-hee588c1_2.conda
  sha256: a086289bf75c33adc1daed3f1422024504ffb5c3c8b3285c49f025c29708ed16
  md5: 962d6ac93c30b1dfc54c9cccafd1003e
  depends:
  - __glibc >=2.17,<3.0.a0
  - libgcc >=13
  - libzlib >=1.3.1,<2.0a0
  license: Unlicense
  purls: []
  size: 918664
  timestamp: 1742083674731
- conda: https://conda.anaconda.org/conda-forge/linux-64/libuuid-2.38.1-h0b41bf4_0.conda
  sha256: 787eb542f055a2b3de553614b25f09eefb0a0931b0c87dbcce6efdfd92f04f18
  md5: 40b61aab5c7ba9ff276c41cfffe6b80b
  depends:
  - libgcc-ng >=12
  license: BSD-3-Clause
  license_family: BSD
  purls: []
  size: 33601
  timestamp: 1680112270483
- conda: https://conda.anaconda.org/conda-forge/linux-64/libxcrypt-4.4.36-hd590300_1.conda
  sha256: 6ae68e0b86423ef188196fff6207ed0c8195dd84273cb5623b85aa08033a410c
  md5: 5aa797f8787fe7a17d1b0821485b5adc
  depends:
  - libgcc-ng >=12
  license: LGPL-2.1-or-later
  purls: []
  size: 100393
  timestamp: 1702724383534
- conda: https://conda.anaconda.org/conda-forge/linux-64/libzlib-1.3.1-hb9d3cd8_2.conda
  sha256: d4bfe88d7cb447768e31650f06257995601f89076080e76df55e3112d4e47dc4
  md5: edb0dca6bc32e4f4789199455a1dbeb8
  depends:
  - __glibc >=2.17,<3.0.a0
  - libgcc >=13
  constrains:
  - zlib 1.3.1 *_2
  license: Zlib
  license_family: Other
  purls: []
  size: 60963
  timestamp: 1727963148474
- conda: https://conda.anaconda.org/conda-forge/linux-64/multidict-6.1.0-py312h178313f_2.conda
  sha256: b05bc8252a6e957bf4a776ed5e0e61d1ba88cdc46ccb55890c72cc58b10371f4
  md5: 5b5e3267d915a107eca793d52e1b780a
  depends:
  - __glibc >=2.17,<3.0.a0
  - libgcc >=13
  - python >=3.12,<3.13.0a0
  - python_abi 3.12.* *_cp312
  license: Apache-2.0
  license_family: APACHE
  purls:
  - pkg:pypi/multidict?source=hash-mapping
  size: 61507
  timestamp: 1733913288935
- conda: https://conda.anaconda.org/conda-forge/linux-64/ncurses-6.5-h2d0b736_3.conda
  sha256: 3fde293232fa3fca98635e1167de6b7c7fda83caf24b9d6c91ec9eefb4f4d586
  md5: 47e340acb35de30501a76c7c799c41d7
  depends:
  - __glibc >=2.17,<3.0.a0
  - libgcc >=13
  license: X11 AND BSD-3-Clause
  purls: []
  size: 891641
  timestamp: 1738195959188
- conda: https://conda.anaconda.org/conda-forge/noarch/openai-1.66.3-pyhd8ed1ab_0.conda
  sha256: 8cd260b35d0f5ace555bcfc71d85fb55d0da83e2431d28b86c63b72423185457
  md5: f78b56daf513895239f1e1eb7504cbc6
  depends:
  - anyio >=3.5.0,<5
  - distro >=1.7.0,<2
  - httpx >=0.23.0,<1
  - jiter >=0.4.0,<1
  - pydantic >=1.9.0,<3
  - python >=3.9
  - sniffio
  - tqdm >4
  - typing-extensions >=4.11,<5
  - typing_extensions >=4.11,<5
  license: MIT
  license_family: MIT
  purls:
  - pkg:pypi/openai?source=hash-mapping
  size: 246003
  timestamp: 1741872687638
- conda: https://conda.anaconda.org/conda-forge/linux-64/openssl-3.4.1-h7b32b05_0.conda
  sha256: cbf62df3c79a5c2d113247ddea5658e9ff3697b6e741c210656e239ecaf1768f
  md5: 41adf927e746dc75ecf0ef841c454e48
  depends:
  - __glibc >=2.17,<3.0.a0
  - ca-certificates
  - libgcc >=13
  license: Apache-2.0
  license_family: Apache
  purls: []
  size: 2939306
  timestamp: 1739301879343
- conda: https://conda.anaconda.org/conda-forge/linux-64/propcache-0.2.1-py312h178313f_1.conda
  sha256: 6d5ff6490c53e14591b70924711fe7bd70eb7fbeeeb1cbd9ed2f6d794ec8c4eb
  md5: 349635694b4df27336bc15a49e9220e9
  depends:
  - __glibc >=2.17,<3.0.a0
  - libgcc >=13
  - python >=3.12,<3.13.0a0
  - python_abi 3.12.* *_cp312
  license: Apache-2.0
  license_family: APACHE
  purls:
  - pkg:pypi/propcache?source=hash-mapping
  size: 52947
  timestamp: 1737635699390
- conda: https://conda.anaconda.org/conda-forge/noarch/pydantic-2.10.6-pyh3cfb1c2_0.conda
  sha256: 9a78801a28959edeb945e8270a4e666577b52fac0cf4e35f88cf122f73d83e75
  md5: c69f87041cf24dfc8cb6bf64ca7133c7
  depends:
  - annotated-types >=0.6.0
  - pydantic-core 2.27.2
  - python >=3.9
  - typing-extensions >=4.6.1
  - typing_extensions >=4.12.2
  license: MIT
  license_family: MIT
  purls:
  - pkg:pypi/pydantic?source=hash-mapping
  size: 296841
  timestamp: 1737761472006
- conda: https://conda.anaconda.org/conda-forge/linux-64/pydantic-core-2.27.2-py312h12e396e_0.conda
  sha256: 81602a4592ad2ac1a1cb57372fd25214e63b1c477d5818b0c21cde0f1f85c001
  md5: bae01b2563030c085f5158c518b84e86
  depends:
  - __glibc >=2.17,<3.0.a0
  - libgcc >=13
  - python >=3.12,<3.13.0a0
  - python_abi 3.12.* *_cp312
  - typing-extensions >=4.6.0,!=4.7.0
  constrains:
  - __glibc >=2.17
  license: MIT
  license_family: MIT
  purls:
  - pkg:pypi/pydantic-core?source=hash-mapping
  size: 1641402
  timestamp: 1734571789895
- conda: https://conda.anaconda.org/conda-forge/linux-64/python-3.12.9-h9e4cc4f_1_cpython.conda
  build_number: 1
  sha256: 77f2073889d4c91a57bc0da73a0466d9164dbcf6191ea9c3a7be6872f784d625
  md5: d82342192dfc9145185190e651065aa9
  depends:
  - __glibc >=2.17,<3.0.a0
  - bzip2 >=1.0.8,<2.0a0
  - ld_impl_linux-64 >=2.36.1
  - libexpat >=2.6.4,<3.0a0
  - libffi >=3.4,<4.0a0
  - libgcc >=13
  - liblzma >=5.6.4,<6.0a0
  - libnsl >=2.0.1,<2.1.0a0
  - libsqlite >=3.49.1,<4.0a0
  - libuuid >=2.38.1,<3.0a0
  - libxcrypt >=4.4.36
  - libzlib >=1.3.1,<2.0a0
  - ncurses >=6.5,<7.0a0
  - openssl >=3.4.1,<4.0a0
  - readline >=8.2,<9.0a0
  - tk >=8.6.13,<8.7.0a0
  - tzdata
  constrains:
  - python_abi 3.12.* *_cp312
  license: Python-2.0
  purls: []
  size: 31670716
  timestamp: 1741130026152
- conda: https://conda.anaconda.org/conda-forge/linux-64/python_abi-3.12-5_cp312.conda
  build_number: 5
  sha256: d10e93d759931ffb6372b45d65ff34d95c6000c61a07e298d162a3bc2accebb0
  md5: 0424ae29b104430108f5218a66db7260
  constrains:
  - python 3.12.* *_cpython
  license: BSD-3-Clause
  license_family: BSD
  purls: []
  size: 6238
  timestamp: 1723823388266
- conda: https://conda.anaconda.org/conda-forge/linux-64/readline-8.2-h8c095d6_2.conda
  sha256: 2d6d0c026902561ed77cd646b5021aef2d4db22e57a5b0178dfc669231e06d2c
  md5: 283b96675859b20a825f8fa30f311446
  depends:
  - libgcc >=13
  - ncurses >=6.5,<7.0a0
  license: GPL-3.0-only
  license_family: GPL
  purls: []
  size: 282480
  timestamp: 1740379431762
- conda: https://conda.anaconda.org/conda-forge/noarch/sniffio-1.3.1-pyhd8ed1ab_1.conda
  sha256: c2248418c310bdd1719b186796ae50a8a77ce555228b6acd32768e2543a15012
  md5: bf7a226e58dfb8346c70df36065d86c9
  depends:
  - python >=3.9
  license: Apache-2.0
  license_family: Apache
  purls:
  - pkg:pypi/sniffio?source=hash-mapping
  size: 15019
  timestamp: 1733244175724
- conda: https://conda.anaconda.org/conda-forge/linux-64/tk-8.6.13-noxft_h4845f30_101.conda
  sha256: e0569c9caa68bf476bead1bed3d79650bb080b532c64a4af7d8ca286c08dea4e
  md5: d453b98d9c83e71da0741bb0ff4d76bc
  depends:
  - libgcc-ng >=12
  - libzlib >=1.2.13,<2.0.0a0
  license: TCL
  license_family: BSD
  purls: []
  size: 3318875
  timestamp: 1699202167581
- conda: https://conda.anaconda.org/conda-forge/noarch/tqdm-4.67.1-pyhd8ed1ab_1.conda
  sha256: 11e2c85468ae9902d24a27137b6b39b4a78099806e551d390e394a8c34b48e40
  md5: 9efbfdc37242619130ea42b1cc4ed861
  depends:
  - colorama
  - python >=3.9
  license: MPL-2.0 or MIT
  purls:
  - pkg:pypi/tqdm?source=hash-mapping
  size: 89498
  timestamp: 1735661472632
- conda: https://conda.anaconda.org/conda-forge/noarch/typing-extensions-4.12.2-hd8ed1ab_1.conda
  noarch: python
  sha256: c8e9c1c467b5f960b627d7adc1c65fece8e929a3de89967e91ef0f726422fd32
  md5: b6a408c64b78ec7b779a3e5c7a902433
  depends:
  - typing_extensions 4.12.2 pyha770c72_1
  license: PSF-2.0
  license_family: PSF
  purls: []
  size: 10075
  timestamp: 1733188758872
- conda: https://conda.anaconda.org/conda-forge/noarch/typing_extensions-4.12.2-pyha770c72_1.conda
  sha256: 337be7af5af8b2817f115b3b68870208b30c31d3439bec07bfb2d8f4823e3568
  md5: d17f13df8b65464ca316cbc000a3cb64
  depends:
  - python >=3.9
  license: PSF-2.0
  license_family: PSF
  purls:
  - pkg:pypi/typing-extensions?source=hash-mapping
  size: 39637
  timestamp: 1733188758212
- conda: https://conda.anaconda.org/conda-forge/noarch/tzdata-2025a-h78e105d_0.conda
  sha256: c4b1ae8a2931fe9b274c44af29c5475a85b37693999f8c792dad0f8c6734b1de
  md5: dbcace4706afdfb7eb891f7b37d07c04
  license: LicenseRef-Public-Domain
  purls: []
  size: 122921
  timestamp: 1737119101255
- conda: https://conda.anaconda.org/conda-forge/linux-64/yarl-1.18.3-py312h178313f_1.conda
  sha256: 6b054c93dd19fd7544af51b41a8eacca2ab62271f6c0c5a2a0cffe80dc37a0ce
  md5: 6822c49f294d4355f19d314b8b6063d8
  depends:
  - __glibc >=2.17,<3.0.a0
  - idna >=2.0
  - libgcc >=13
  - multidict >=4.0
  - propcache >=0.2.1
  - python >=3.12,<3.13.0a0
  - python_abi 3.12.* *_cp312
  license: Apache-2.0
  license_family: Apache
  purls:
  - pkg:pypi/yarl?source=hash-mapping
  size: 152305
  timestamp: 1737575898300
